
Microsoft Visual Studio Solution File, Format Version 12.00
# Visual Studio 15
VisualStudioVersion = 15.0.28010.2026
MinimumVisualStudioVersion = 10.0.40219.1
Project("{8BC9CEB8-8B4A-11D0-8D11-00A0C91BC942}") = "Lab_1_1FirstCuda", "Lab_1_1FirstCuda\Lab_1_1FirstCuda.vcxproj", "{7BDBD2FE-61A2-4839-8543-91E6ED949B98}"
EndProject
Global
	GlobalSection(SolutionConfigurationPlatforms) = preSolution
		Debug|x64 = Debug|x64
		Release|x64 = Release|x64
	EndGlobalSection
	GlobalSection(ProjectConfigurationPlatforms) = postSolution
		{7BDBD2FE-61A2-4839-8543-91E6ED949B98}.Debug|x64.ActiveCfg = Debug|x64
		{7BDBD2FE-61A2-4839-8543-91E6ED949B98}.Debug|x64.Build.0 = Debug|x64
		{7BDBD2FE-61A2-4839-8543-91E6ED949B98}.Release|x64.ActiveCfg = Release|x64
		{7BDBD2FE-61A2-4839-8543-91E6ED949B98}.Release|x64.Build.0 = Release|x64
	EndGlobalSection
	GlobalSection(SolutionProperties) = preSolution
		HideSolutionNode = FALSE
	EndGlobalSection
	GlobalSection(ExtensibilityGlobals) = postSolution
		SolutionGuid = {FCC77735-C4C6-4EA5-AE25-1BBA83D6F430}
	EndGlobalSection
EndGlobal
