
Microsoft Visual Studio Solution File, Format Version 12.00
# Visual Studio 15
VisualStudioVersion = 15.0.28010.2026
MinimumVisualStudioVersion = 10.0.40219.1
Project("{8BC9CEB8-8B4A-11D0-8D11-00A0C91BC942}") = "Lab2_SharedMem", "Lab2_SharedMem\Lab2_SharedMem.vcxproj", "{22A4D3A6-E103-4764-A9AB-BC0CD3A6BDFD}"
EndProject
Global
	GlobalSection(SolutionConfigurationPlatforms) = preSolution
		Debug|x64 = Debug|x64
		Release|x64 = Release|x64
	EndGlobalSection
	GlobalSection(ProjectConfigurationPlatforms) = postSolution
		{22A4D3A6-E103-4764-A9AB-BC0CD3A6BDFD}.Debug|x64.ActiveCfg = Debug|x64
		{22A4D3A6-E103-4764-A9AB-BC0CD3A6BDFD}.Debug|x64.Build.0 = Debug|x64
		{22A4D3A6-E103-4764-A9AB-BC0CD3A6BDFD}.Release|x64.ActiveCfg = Release|x64
		{22A4D3A6-E103-4764-A9AB-BC0CD3A6BDFD}.Release|x64.Build.0 = Release|x64
	EndGlobalSection
	GlobalSection(SolutionProperties) = preSolution
		HideSolutionNode = FALSE
	EndGlobalSection
	GlobalSection(ExtensibilityGlobals) = postSolution
		SolutionGuid = {110930C1-4951-49E2-A64B-5BF7C37BE094}
	EndGlobalSection
EndGlobal
